
Microsoft Visual Studio Solution File, Format Version 11.00
# Visual Studio Version 17

Project("{8BC9CEB8-8B4A-11D0-8D11-00A0C91BC942}") = "MonitoringSection - VST", "MonitoringSection_VST.vcxproj", "{D4404429-B3E3-D661-BA51-3DB7C332C714}"
	ProjectSection(ProjectDependencies) = postProject
		{C89242BB-77EC-1208-585C-4CA4958B1071} = {C89242BB-77EC-1208-585C-4CA4958B1071}
	EndProjectSection
EndProject
Project("{8BC9CEB8-8B4A-11D0-8D11-00A0C91BC942}") = "MonitoringSection - VST3", "MonitoringSection_VST3.vcxproj", "{F5FB7751-49BE-ECC8-A273-076290E80D88}"
	ProjectSection(ProjectDependencies) = postProject
		{C89242BB-77EC-1208-585C-4CA4958B1071} = {C89242BB-77EC-1208-585C-4CA4958B1071}
		{E3C33505-E170-0546-BBFA-F9BC5AD715D6} = {E3C33505-E170-0546-BBFA-F9BC5AD715D6}
	EndProjectSection
EndProject
Project("{8BC9CEB8-8B4A-11D0-8D11-00A0C91BC942}") = "MonitoringSection - Shared Code", "MonitoringSection_SharedCode.vcxproj", "{C89242BB-77EC-1208-585C-4CA4958B1071}"
EndProject
Project("{8BC9CEB8-8B4A-11D0-8D11-00A0C91BC942}") = "MonitoringSection - VST3 Manifest Helper", "MonitoringSection_VST3ManifestHelper.vcxproj", "{E3C33505-E170-0546-BBFA-F9BC5AD715D6}"
EndProject
Global
	GlobalSection(SolutionConfigurationPlatforms) = preSolution
		Release|x64 = Release|x64
	EndGlobalSection
	GlobalSection(ProjectConfigurationPlatforms) = postSolution
		{D4404429-B3E3-D661-BA51-3DB7C332C714}.Release|x64.ActiveCfg = Release|x64
		{D4404429-B3E3-D661-BA51-3DB7C332C714}.Release|x64.Build.0 = Release|x64
		{F5FB7751-49BE-ECC8-A273-076290E80D88}.Release|x64.ActiveCfg = Release|x64
		{F5FB7751-49BE-ECC8-A273-076290E80D88}.Release|x64.Build.0 = Release|x64
		{C89242BB-77EC-1208-585C-4CA4958B1071}.Release|x64.ActiveCfg = Release|x64
		{C89242BB-77EC-1208-585C-4CA4958B1071}.Release|x64.Build.0 = Release|x64
		{E3C33505-E170-0546-BBFA-F9BC5AD715D6}.Release|x64.ActiveCfg = Release|x64
		{E3C33505-E170-0546-BBFA-F9BC5AD715D6}.Release|x64.Build.0 = Release|x64
	EndGlobalSection
	GlobalSection(SolutionProperties) = preSolution
		HideSolutionNode = FALSE
	EndGlobalSection
EndGlobal
